
Microsoft Visual Studio Solution File, Format Version 12.00
# Visual Studio 15
VisualStudioVersion = 15.0.26430.6
MinimumVisualStudioVersion = 10.0.40219.1
Project("{9A19103F-16F7-4668-BE54-9A1E7A4F7556}") = "Edorator.Services", "Edorator.Services\Edorator.Services.csproj", "{D7B295FD-4FFF-404A-B24E-968420B2A702}"
EndProject
Project("{FAE04EC0-301F-11D3-BF4B-00C04F79EFBC}") = "Edorator.Services.Tests", "Edorator.Services.Tests\Edorator.Services.Tests.csproj", "{629227CB-4FD0-40DF-AE64-569751D74880}"
EndProject
Global
	GlobalSection(SolutionConfigurationPlatforms) = preSolution
		Debug|Any CPU = Debug|Any CPU
		Release|Any CPU = Release|Any CPU
	EndGlobalSection
	GlobalSection(ProjectConfigurationPlatforms) = postSolution
		{D7B295FD-4FFF-404A-B24E-968420B2A702}.Debug|Any CPU.ActiveCfg = Debug|Any CPU
		{D7B295FD-4FFF-404A-B24E-968420B2A702}.Debug|Any CPU.Build.0 = Debug|Any CPU
		{D7B295FD-4FFF-404A-B24E-968420B2A702}.Release|Any CPU.ActiveCfg = Release|Any CPU
		{D7B295FD-4FFF-404A-B24E-968420B2A702}.Release|Any CPU.Build.0 = Release|Any CPU
		{629227CB-4FD0-40DF-AE64-569751D74880}.Debug|Any CPU.ActiveCfg = Debug|Any CPU
		{629227CB-4FD0-40DF-AE64-569751D74880}.Debug|Any CPU.Build.0 = Debug|Any CPU
		{629227CB-4FD0-40DF-AE64-569751D74880}.Release|Any CPU.ActiveCfg = Release|Any CPU
		{629227CB-4FD0-40DF-AE64-569751D74880}.Release|Any CPU.Build.0 = Release|Any CPU
	EndGlobalSection
	GlobalSection(SolutionProperties) = preSolution
		HideSolutionNode = FALSE
	EndGlobalSection
EndGlobal
